
Microsoft Visual Studio Solution File, Format Version 12.00
# Visual Studio Version 16
VisualStudioVersion = 16.0.31313.79
MinimumVisualStudioVersion = 10.0.40219.1
Project("{FAE04EC0-301F-11D3-BF4B-00C04F79EFBC}") = "PoblemaRainhasPacificas", "PoblemaRainhasPacificas\PoblemaRainhasPacificas.csproj", "{D7698678-4953-42FB-8893-9D673D1C4AF2}"
EndProject
Global
	GlobalSection(SolutionConfigurationPlatforms) = preSolution
		Debug|Any CPU = Debug|Any CPU
		Release|Any CPU = Release|Any CPU
	EndGlobalSection
	GlobalSection(ProjectConfigurationPlatforms) = postSolution
		{D7698678-4953-42FB-8893-9D673D1C4AF2}.Debug|Any CPU.ActiveCfg = Debug|Any CPU
		{D7698678-4953-42FB-8893-9D673D1C4AF2}.Debug|Any CPU.Build.0 = Debug|Any CPU
		{D7698678-4953-42FB-8893-9D673D1C4AF2}.Release|Any CPU.ActiveCfg = Release|Any CPU
		{D7698678-4953-42FB-8893-9D673D1C4AF2}.Release|Any CPU.Build.0 = Release|Any CPU
	EndGlobalSection
	GlobalSection(SolutionProperties) = preSolution
		HideSolutionNode = FALSE
	EndGlobalSection
	GlobalSection(ExtensibilityGlobals) = postSolution
		SolutionGuid = {61701342-8C5A-4480-8760-8B25F3CF864F}
	EndGlobalSection
EndGlobal
